lockfileVersion: '9.0'

settings:
  autoInstallPeers: true
  excludeLinksFromLockfile: false

importers:

  .:
    dependencies:
      lucide-react:
        specifier: ^0.577.0
        version: 0.577.0(react@19.2.4)
      motion:
        specifier: ^12.35.1
        version: 12.35.1(react@19.2.4)

packages:

  framer-motion@12.35.1:
    resolution: {integrity: sha512-rL8cLrjYZNShZqKV3U0Qj6Y5WDiZXYEM5giiTLfEqsIZxtspzMDCkKmrO5po76jWfvOg04+Vk+sfBvTD0iMmLw==}
    peerDependencies:
      '@emotion/is-prop-valid': '*'
      react: ^18.0.0 || ^19.0.0
      react-dom: ^18.0.0 || ^19.0.0
    peerDependenciesMeta:
      '@emotion/is-prop-valid':
        optional: true
      react:
        optional: true
      react-dom:
        optional: true

  lucide-react@0.577.0:
    resolution: {integrity: sha512-4LjoFv2eEPwYDPg/CUdBJQSDfPyzXCRrVW1X7jrx/trgxnxkHFjnVZINbzvzxjN70dxychOfg+FTYwBiS3pQ5A==}
    peerDependencies:
      react: ^16.5.1 || ^17.0.0 || ^18.0.0 || ^19.0.0

  motion-dom@12.35.1:
    resolution: {integrity: sha512-7n6r7TtNOsH2UFSAXzTkfzOeO5616v9B178qBIjmu/WgEyJK0uqwytCEhwKBTuM/HJA40ptAw7hLFpxtPAMRZQ==}

  motion-utils@12.29.2:
    resolution: {integrity: sha512-G3kc34H2cX2gI63RqU+cZq+zWRRPSsNIOjpdl9TN4AQwC4sgwYPl/Q/Obf/d53nOm569T0fYK+tcoSV50BWx8A==}

  motion@12.35.1:
    resolution: {integrity: sha512-yEt/49kWC0VU/IEduDfeZw82eDemlPwa1cyo/gcEEUCN4WgpSJpUcxz6BUwakGabvJiTzLQ58J73515I5tfykQ==}
    peerDependencies:
      '@emotion/is-prop-valid': '*'
      react: ^18.0.0 || ^19.0.0
      react-dom: ^18.0.0 || ^19.0.0
    peerDependenciesMeta:
      '@emotion/is-prop-valid':
        optional: true
      react:
        optional: true
      react-dom:
        optional: true

  react@19.2.4:
    resolution: {integrity: sha512-9nfp2hYpCwOjAN+8TZFGhtWEwgvWHXqESH8qT89AT/lWklpLON22Lc8pEtnpsZz7VmawabSU0gCjnj8aC0euHQ==}
    engines: {node: '>=0.10.0'}

  tslib@2.8.1:
    resolution: {integrity: sha512-oJFu94HQb+KVduSUQL7wnpmqnfmLsOA/nAh6b6EH0wCEoK0/mPeXU6c3wKDV83MkOuHPRHtSXKKU99IBazS/2w==}

snapshots:

  framer-motion@12.35.1(react@19.2.4):
    dependencies:
      motion-dom: 12.35.1
      motion-utils: 12.29.2
      tslib: 2.8.1
    optionalDependencies:
      react: 19.2.4

  lucide-react@0.577.0(react@19.2.4):
    dependencies:
      react: 19.2.4

  motion-dom@12.35.1:
    dependencies:
      motion-utils: 12.29.2

  motion-utils@12.29.2: {}

  motion@12.35.1(react@19.2.4):
    dependencies:
      framer-motion: 12.35.1(react@19.2.4)
      tslib: 2.8.1
    optionalDependencies:
      react: 19.2.4

  react@19.2.4: {}

  tslib@2.8.1: {}
